// !$*UTF8*$!
{
	archiveVersion = 1;
	classes = {
	};
	objectVersion = 48;
	objects = {

/* Begin PBXBuildFile section */
		C1D320251FCEEE3900B3FFD7 /* AppDelegate.m in Sources */ = {isa = PBXBuildFile; fileRef = C1D320241FCEEE3900B3FFD7 /* AppDelegate.m */; };
		C1D320281FCEEE3900B3FFD7 /* ViewController.m in Sources */ = {isa = PBXBuildFile; fileRef = C1D320271FCEEE3900B3FFD7 /* ViewController.m */; };
		C1D3202B1FCEEE3900B3FFD7 /* Main.storyboard in Resources */ = {isa = PBXBuildFile; fileRef = C1D320291FCEEE3900B3FFD7 /* Main.storyboard */; };
		C1D3202D1FCEEE3900B3FFD7 /* Assets.xcassets in Resources */ = {isa = PBXBuildFile; fileRef = C1D3202C1FCEEE3900B3FFD7 /* Assets.xcassets */; };
		C1D320301FCEEE3900B3FFD7 /* LaunchScreen.storyboard in Resources */ = {isa = PBXBuildFile; fileRef = C1D3202E1FCEEE3900B3FFD7 /* LaunchScreen.storyboard */; };
		C1D320331FCEEE3900B3FFD7 /* main.m in Sources */ = {isa = PBXBuildFile; fileRef = C1D320321FCEEE3900B3FFD7 /* main.m */; };
		C1D320481FCEF6D700B3FFD7 /* 1.jpg in Resources */ = {isa = PBXBuildFile; fileRef = C1D320421FCEF6D600B3FFD7 /* 1.jpg */; };
		C1D320491FCEF6D700B3FFD7 /* 2.jpg in Resources */ = {isa = PBXBuildFile; fileRef = C1D320431FCEF6D600B3FFD7 /* 2.jpg */; };
		C1D3204A1FCEF6D700B3FFD7 /* 3.jpg in Resources */ = {isa = PBXBuildFile; fileRef = C1D320441FCEF6D600B3FFD7 /* 3.jpg */; };
		C1D3204B1FCEF6D700B3FFD7 /* 4.jpg in Resources */ = {isa = PBXBuildFile; fileRef = C1D320451FCEF6D600B3FFD7 /* 4.jpg */; };
		C1D3204C1FCEF6D700B3FFD7 /* 5.jpg in Resources */ = {isa = PBXBuildFile; fileRef = C1D320461FCEF6D600B3FFD7 /* 5.jpg */; };
		C1D3204D1FCEF6D700B3FFD7 /* 6.jpg in Resources */ = {isa = PBXBuildFile; fileRef = C1D320471FCEF6D600B3FFD7 /* 6.jpg */; };
/* End PBXBuildFile section */

/* Begin PBXFileReference section */
		C1D320201FCEEE3800B3FFD7 /* ScrollViewTest.app */ = {isa = PBXFileReference; explicitFileType = wrapper.application; includeInIndex = 0; path = ScrollViewTest.app; sourceTree = BUILT_PRODUCTS_DIR; };
		C1D320231FCEEE3900B3FFD7 /* AppDelegate.h */ = {isa = PBXFileReference; lastKnownFileType = sourcecode.c.h; path = AppDelegate.h; sourceTree = "<group>"; };
		C1D320241FCEEE3900B3FFD7 /* AppDelegate.m */ = {isa = PBXFileReference; lastKnownFileType = sourcecode.c.objc; path = AppDelegate.m; sourceTree = "<group>"; };
		C1D320261FCEEE3900B3FFD7 /* ViewController.h */ = {isa = PBXFileReference; lastKnownFileType = sourcecode.c.h; path = ViewController.h; sourceTree = "<group>"; };
		C1D320271FCEEE3900B3FFD7 /* ViewController.m */ = {isa = PBXFileReference; lastKnownFileType = sourcecode.c.objc; path = ViewController.m; sourceTree = "<group>"; };
		C1D3202A1FCEEE3900B3FFD7 /* Base */ = {isa = PBXFileReference; lastKnownFileType = file.storyboard; name = Base; path = Base.lproj/Main.storyboard; sourceTree = "<group>"; };
		C1D3202C1FCEEE3900B3FFD7 /* Assets.xcassets */ = {isa = PBXFileReference; lastKnownFileType = folder.assetcatalog; path = Assets.xcassets; sourceTree = "<group>"; };
		C1D3202F1FCEEE3900B3FFD7 /* Base */ = {isa = PBXFileReference; lastKnownFileType = file.storyboard; name = Base; path = Base.lproj/LaunchScreen.storyboard; sourceTree = "<group>"; };
		C1D320311FCEEE3900B3FFD7 /* Info.plist */ = {isa = PBXFileReference; lastKnownFileType = text.plist.xml; path = Info.plist; sourceTree = "<group>"; };
		C1D320321FCEEE3900B3FFD7 /* main.m */ = {isa = PBXFileReference; lastKnownFileType = sourcecode.c.objc; path = main.m; sourceTree = "<group>"; };
		C1D320421FCEF6D600B3FFD7 /* 1.jpg */ = {isa = PBXFileReference; lastKnownFileType = image.jpeg; path = 1.jpg; sourceTree = "<group>"; };
		C1D320431FCEF6D600B3FFD7 /* 2.jpg */ = {isa = PBXFileReference; lastKnownFileType = image.jpeg; path = 2.jpg; sourceTree = "<group>"; };
		C1D320441FCEF6D600B3FFD7 /* 3.jpg */ = {isa = PBXFileReference; lastKnownFileType = image.jpeg; path = 3.jpg; sourceTree = "<group>"; };
		C1D320451FCEF6D600B3FFD7 /* 4.jpg */ = {isa = PBXFileReference; lastKnownFileType = image.jpeg; path = 4.jpg; sourceTree = "<group>"; };
		C1D320461FCEF6D600B3FFD7 /* 5.jpg */ = {isa = PBXFileReference; lastKnownFileType = image.jpeg; path = 5.jpg; sourceTree = "<group>"; };
		C1D320471FCEF6D600B3FFD7 /* 6.jpg */ = {isa = PBXFileReference; lastKnownFileType = image.jpeg; path = 6.jpg; sourceTree = "<group>"; };
/* End PBXFileReference section */

/* Begin PBXFrameworksBuildPhase section */
		C1D3201D1FCEEE3800B3FFD7 /* Frameworks */ = {
			isa = PBXFrameworksBuildPhase;
			buildActionMask = 2147483647;
			files = (
			);
			runOnlyForDeploymentPostprocessing = 0;
		};
/* End PBXFrameworksBuildPhase section */

/* Begin PBXGroup section */
		C1D320171FCEEE3800B3FFD7 = {
			isa = PBXGroup;
			children = (
				C1D320411FCEF6D600B3FFD7 /* images */,
				C1D320221FCEEE3800B3FFD7 /* ScrollViewTest */,
				C1D320211FCEEE3800B3FFD7 /* Products */,
			);
			sourceTree = "<group>";
		};
		C1D320211FCEEE3800B3FFD7 /* Products */ = {
			isa = PBXGroup;
			children = (
				C1D320201FCEEE3800B3FFD7 /* ScrollViewTest.app */,
			);
			name = Products;
			sourceTree = "<group>";
		};
		C1D320221FCEEE3800B3FFD7 /* ScrollViewTest */ = {
			isa = PBXGroup;
			children = (
				C1D320231FCEEE3900B3FFD7 /* AppDelegate.h */,
				C1D320241FCEEE3900B3FFD7 /* AppDelegate.m */,
				C1D320261FCEEE3900B3FFD7 /* ViewController.h */,
				C1D320271FCEEE3900B3FFD7 /* ViewController.m */,
				C1D320291FCEEE3900B3FFD7 /* Main.storyboard */,
				C1D3202C1FCEEE3900B3FFD7 /* Assets.xcassets */,
				C1D3202E1FCEEE3900B3FFD7 /* LaunchScreen.storyboard */,
				C1D320311FCEEE3900B3FFD7 /* Info.plist */,
				C1D320321FCEEE3900B3FFD7 /* main.m */,
			);
			path = ScrollViewTest;
			sourceTree = "<group>";
		};
		C1D320411FCEF6D600B3FFD7 /* images */ = {
			isa = PBXGroup;
			children = (
				C1D320421FCEF6D600B3FFD7 /* 1.jpg */,
				C1D320431FCEF6D600B3FFD7 /* 2.jpg */,
				C1D320441FCEF6D600B3FFD7 /* 3.jpg */,
				C1D320451FCEF6D600B3FFD7 /* 4.jpg */,
				C1D320461FCEF6D600B3FFD7 /* 5.jpg */,
				C1D320471FCEF6D600B3FFD7 /* 6.jpg */,
			);
			name = images;
			path = ../../../Downloads/images;
			sourceTree = "<group>";
		};
/* End PBXGroup section */

/* Begin PBXNativeTarget section */
		C1D3201F1FCEEE3800B3FFD7 /* ScrollViewTest */ = {
			isa = PBXNativeTarget;
			buildConfigurationList = C1D320361FCEEE3900B3FFD7 /* Build configuration list for PBXNativeTarget "ScrollViewTest" */;
			buildPhases = (
				C1D3201C1FCEEE3800B3FFD7 /* Sources */,
				C1D3201D1FCEEE3800B3FFD7 /* Frameworks */,
				C1D3201E1FCEEE3800B3FFD7 /* Resources */,
			);
			buildRules = (
			);
			dependencies = (
			);
			name = ScrollViewTest;
			productName = ScrollViewTest;
			productReference = C1D320201FCEEE3800B3FFD7 /* ScrollViewTest.app */;
			productType = "com.apple.product-type.application";
		};
/* End PBXNativeTarget section */

/* Begin PBXProject section */
		C1D320181FCEEE3800B3FFD7 /* Project object */ = {
			isa = PBXProject;
			attributes = {
				LastUpgradeCheck = 0910;
				ORGANIZATIONNAME = "刘丹";
				TargetAttributes = {
					C1D3201F1FCEEE3800B3FFD7 = {
						CreatedOnToolsVersion = 9.1;
						ProvisioningStyle = Automatic;
					};
				};
			};
			buildConfigurationList = C1D3201B1FCEEE3800B3FFD7 /* Build configuration list for PBXProject "ScrollViewTest" */;
			compatibilityVersion = "Xcode 8.0";
			developmentRegion = en;
			hasScannedForEncodings = 0;
			knownRegions = (
				en,
				Base,
			);
			mainGroup = C1D320171FCEEE3800B3FFD7;
			productRefGroup = C1D320211FCEEE3800B3FFD7 /* Products */;
			projectDirPath = "";
			projectRoot = "";
			targets = (
				C1D3201F1FCEEE3800B3FFD7 /* ScrollViewTest */,
			);
		};
/* End PBXProject section */

/* Begin PBXResourcesBuildPhase section */
		C1D3201E1FCEEE3800B3FFD7 /* Resources */ = {
			isa = PBXResourcesBuildPhase;
			buildActionMask = 2147483647;
			files = (
				C1D3204D1FCEF6D700B3FFD7 /* 6.jpg in Resources */,
				C1D320301FCEEE3900B3FFD7 /* LaunchScreen.storyboard in Resources */,
				C1D3204C1FCEF6D700B3FFD7 /* 5.jpg in Resources */,
				C1D3204B1FCEF6D700B3FFD7 /* 4.jpg in Resources */,
				C1D320481FCEF6D700B3FFD7 /* 1.jpg in Resources */,
				C1D320491FCEF6D700B3FFD7 /* 2.jpg in Resources */,
				C1D3204A1FCEF6D700B3FFD7 /* 3.jpg in Resources */,
				C1D3202D1FCEEE3900B3FFD7 /* Assets.xcassets in Resources */,
				C1D3202B1FCEEE3900B3FFD7 /* Main.storyboard in Resources */,
			);
			runOnlyForDeploymentPostprocessing = 0;
		};
/* End PBXResourcesBuildPhase section */

/* Begin PBXSourcesBuildPhase section */
		C1D3201C1FCEEE3800B3FFD7 /* Sources */ = {
			isa = PBXSourcesBuildPhase;
			buildActionMask = 2147483647;
			files = (
				C1D320281FCEEE3900B3FFD7 /* ViewController.m in Sources */,
				C1D320331FCEEE3900B3FFD7 /* main.m in Sources */,
				C1D320251FCEEE3900B3FFD7 /* AppDelegate.m in Sources */,
			);
			runOnlyForDeploymentPostprocessing = 0;
		};
/* End PBXSourcesBuildPhase section */

/* Begin PBXVariantGroup section */
		C1D320291FCEEE3900B3FFD7 /* Main.storyboard */ = {
			isa = PBXVariantGroup;
			children = (
				C1D3202A1FCEEE3900B3FFD7 /* Base */,
			);
			name = Main.storyboard;
			sourceTree = "<group>";
		};
		C1D3202E1FCEEE3900B3FFD7 /* LaunchScreen.storyboard */ = {
			isa = PBXVariantGroup;
			children = (
				C1D3202F1FCEEE3900B3FFD7 /* Base */,
			);
			name = LaunchScreen.storyboard;
			sourceTree = "<group>";
		};
/* End PBXVariantGroup section */

/* Begin XCBuildConfiguration section */
		C1D320341FCEEE3900B3FFD7 /* Debug */ = {
			isa = XCBuildConfiguration;
			buildSettings = {
				ALWAYS_SEARCH_USER_PATHS = NO;
				CLANG_ANALYZER_NONNULL = YES;
				CLANG_ANALYZER_NUMBER_OBJECT_CONVERSION = YES_AGGRESSIVE;
				CLANG_CXX_LANGUAGE_STANDARD = "gnu++14";
				CLANG_CXX_LIBRARY = "libc++";
				CLANG_ENABLE_MODULES = YES;
				CLANG_ENABLE_OBJC_ARC = YES;
				CLANG_WARN_BLOCK_CAPTURE_AUTORELEASING = YES;
				CLANG_WARN_BOOL_CONVERSION = YES;
				CLANG_WARN_COMMA = YES;
				CLANG_WARN_CONSTANT_CONVERSION = YES;
				CLANG_WARN_DIRECT_OBJC_ISA_USAGE = YES_ERROR;
				CLANG_WARN_DOCUMENTATION_COMMENTS = YES;
				CLANG_WARN_EMPTY_BODY = YES;
				CLANG_WARN_ENUM_CONVERSION = YES;
				CLANG_WARN_INFINITE_RECURSION = YES;
				CLANG_WARN_INT_CONVERSION = YES;
				CLANG_WARN_NON_LITERAL_NULL_CONVERSION = YES;
				CLANG_WARN_OBJC_LITERAL_CONVERSION = YES;
				CLANG_WARN_OBJC_ROOT_CLASS = YES_ERROR;
				CLANG_WARN_RANGE_LOOP_ANALYSIS = YES;
				CLANG_WARN_STRICT_PROTOTYPES = YES;
				CLANG_WARN_SUSPICIOUS_MOVE = YES;
				CLANG_WARN_UNGUARDED_AVAILABILITY = YES_AGGRESSIVE;
				CLANG_WARN_UNREACHABLE_CODE = YES;
				CLANG_WARN__DUPLICATE_METHOD_MATCH = YES;
				CODE_SIGN_IDENTITY = "iPhone Developer";
				COPY_PHASE_STRIP = NO;
				DEBUG_INFORMATION_FORMAT = dwarf;
				ENABLE_STRICT_OBJC_MSGSEND = YES;
				ENABLE_TESTABILITY = YES;
				GCC_C_LANGUAGE_STANDARD = gnu11;
				GCC_DYNAMIC_NO_PIC = NO;
				GCC_NO_COMMON_BLOCKS = YES;
				GCC_OPTIMIZATION_LEVEL = 0;
				GCC_PREPROCESSOR_DEFINITIONS = (
					"DEBUG=1",
					"$(inherited)",
				);
				GCC_WARN_64_TO_32_BIT_CONVERSION = YES;
				GCC_WARN_ABOUT_RETURN_TYPE = YES_ERROR;
				GCC_WARN_UNDECLARED_SELECTOR = YES;
				GCC_WARN_UNINITIALIZED_AUTOS = YES_AGGRESSIVE;
				GCC_WARN_UNUSED_FUNCTION = YES;
				GCC_WARN_UNUSED_VARIABLE = YES;
				IPHONEOS_DEPLOYMENT_TARGET = 11.1;
				MTL_ENABLE_DEBUG_INFO = YES;
				ONLY_ACTIVE_ARCH = YES;
				SDKROOT = iphoneos;
			};
			name = Debug;
		};
		C1D320351FCEEE3900B3FFD7 /* Release */ = {
			isa = XCBuildConfiguration;
			buildSettings = {
				ALWAYS_SEARCH_USER_PATHS = NO;
				CLANG_ANALYZER_NONNULL = YES;
				CLANG_ANALYZER_NUMBER_OBJECT_CONVERSION = YES_AGGRESSIVE;
				CLANG_CXX_LANGUAGE_STANDARD = "gnu++14";
				CLANG_CXX_LIBRARY = "libc++";
				CLANG_ENABLE_MODULES = YES;
				CLANG_ENABLE_OBJC_ARC = YES;
				CLANG_WARN_BLOCK_CAPTURE_AUTORELEASING = YES;
				CLANG_WARN_BOOL_CONVERSION = YES;
				CLANG_WARN_COMMA = YES;
				CLANG_WARN_CONSTANT_CONVERSION = YES;
				CLANG_WARN_DIRECT_OBJC_ISA_USAGE = YES_ERROR;
				CLANG_WARN_DOCUMENTATION_COMMENTS = YES;
				CLANG_WARN_EMPTY_BODY = YES;
				CLANG_WARN_ENUM_CONVERSION = YES;
				CLANG_WARN_INFINITE_RECURSION = YES;
				CLANG_WARN_INT_CONVERSION = YES;
				CLANG_WARN_NON_LITERAL_NULL_CONVERSION = YES;
				CLANG_WARN_OBJC_LITERAL_CONVERSION = YES;
				CLANG_WARN_OBJC_ROOT_CLASS = YES_ERROR;
				CLANG_WARN_RANGE_LOOP_ANALYSIS = YES;
				CLANG_WARN_STRICT_PROTOTYPES = YES;
				CLANG_WARN_SUSPICIOUS_MOVE = YES;
				CLANG_WARN_UNGUARDED_AVAILABILITY = YES_AGGRESSIVE;
				CLANG_WARN_UNREACHABLE_CODE = YES;
				CLANG_WARN__DUPLICATE_METHOD_MATCH = YES;
				CODE_SIGN_IDENTITY = "iPhone Developer";
				COPY_PHASE_STRIP = NO;
				DEBUG_INFORMATION_FORMAT = "dwarf-with-dsym";
				ENABLE_NS_ASSERTIONS = NO;
				ENABLE_STRICT_OBJC_MSGSEND = YES;
				GCC_C_LANGUAGE_STANDARD = gnu11;
				GCC_NO_COMMON_BLOCKS = YES;
				GCC_WARN_64_TO_32_BIT_CONVERSION = YES;
				GCC_WARN_ABOUT_RETURN_TYPE = YES_ERROR;
				GCC_WARN_UNDECLARED_SELECTOR = YES;
				GCC_WARN_UNINITIALIZED_AUTOS = YES_AGGRESSIVE;
				GCC_WARN_UNUSED_FUNCTION = YES;
				GCC_WARN_UNUSED_VARIABLE = YES;
				IPHONEOS_DEPLOYMENT_TARGET = 11.1;
				MTL_ENABLE_DEBUG_INFO = NO;
				SDKROOT = iphoneos;
				VALIDATE_PRODUCT = YES;
			};
			name = Release;
		};
		C1D320371FCEEE3900B3FFD7 /* Debug */ = {
			isa = XCBuildConfiguration;
			buildSettings = {
				ASSETCATALOG_COMPILER_APPICON_NAME = AppIcon;
				CODE_SIGN_STYLE = Automatic;
				INFOPLIST_FILE = ScrollViewTest/Info.plist;
				IPHONEOS_DEPLOYMENT_TARGET = 9.0;
				LD_RUNPATH_SEARCH_PATHS = "$(inherited) @executable_path/Frameworks";
				PRODUCT_BUNDLE_IDENTIFIER = com.test.ScrollViewTest;
				PRODUCT_NAME = "$(TARGET_NAME)";
				TARGETED_DEVICE_FAMILY = "1,2";
			};
			name = Debug;
		};
		C1D320381FCEEE3900B3FFD7 /* Release */ = {
			isa = XCBuildConfiguration;
			buildSettings = {
				ASSETCATALOG_COMPILER_APPICON_NAME = AppIcon;
				CODE_SIGN_STYLE = Automatic;
				INFOPLIST_FILE = ScrollViewTest/Info.plist;
				IPHONEOS_DEPLOYMENT_TARGET = 9.0;
				LD_RUNPATH_SEARCH_PATHS = "$(inherited) @executable_path/Frameworks";
				PRODUCT_BUNDLE_IDENTIFIER = com.test.ScrollViewTest;
				PRODUCT_NAME = "$(TARGET_NAME)";
				TARGETED_DEVICE_FAMILY = "1,2";
			};
			name = Release;
		};
/* End XCBuildConfiguration section */

/* Begin XCConfigurationList section */
		C1D3201B1FCEEE3800B3FFD7 /* Build configuration list for PBXProject "ScrollViewTest" */ = {
			isa = XCConfigurationList;
			buildConfigurations = (
				C1D320341FCEEE3900B3FFD7 /* Debug */,
				C1D320351FCEEE3900B3FFD7 /* Release */,
			);
			defaultConfigurationIsVisible = 0;
			defaultConfigurationName = Release;
		};
		C1D320361FCEEE3900B3FFD7 /* Build configuration list for PBXNativeTarget "ScrollViewTest" */ = {
			isa = XCConfigurationList;
			buildConfigurations = (
				C1D320371FCEEE3900B3FFD7 /* Debug */,
				C1D320381FCEEE3900B3FFD7 /* Release */,
			);
			defaultConfigurationIsVisible = 0;
			defaultConfigurationName = Release;
		};
/* End XCConfigurationList section */
	};
	rootObject = C1D320181FCEEE3800B3FFD7 /* Project object */;
}
